
Microsoft Visual Studio Solution File, Format Version 12.00
# Visual Studio 2013
VisualStudioVersion = 12.0.31101.0
MinimumVisualStudioVersion = 10.0.40219.1
Project("{FAE04EC0-301F-11D3-BF4B-00C04F79EFBC}") = "ADWeb", "ADWeb\ADWeb.csproj", "{AEF033E3-465D-44FE-BAC7-36DD08FAA4D8}"
EndProject
Project("{FAE04EC0-301F-11D3-BF4B-00C04F79EFBC}") = "ADWeb.Core", "ADWeb.Core\ADWeb.Core.csproj", "{06E4A03E-307D-4E5B-B27D-75BF75E090BB}"
EndProject
Project("{00D1A9C2-B5F0-4AF3-8072-F6C62B433612}") = "ADWebDB", "..\..\ADWebDB\ADWebDB.sqlproj", "{CE34A224-1C32-4382-92EF-2D2525F6E124}"
EndProject
Global
	GlobalSection(SolutionConfigurationPlatforms) = preSolution
		Debug|Any CPU = Debug|Any CPU
		Release|Any CPU = Release|Any CPU
	EndGlobalSection
	GlobalSection(ProjectConfigurationPlatforms) = postSolution
		{AEF033E3-465D-44FE-BAC7-36DD08FAA4D8}.Debug|Any CPU.ActiveCfg = Debug|Any CPU
		{AEF033E3-465D-44FE-BAC7-36DD08FAA4D8}.Debug|Any CPU.Build.0 = Debug|Any CPU
		{AEF033E3-465D-44FE-BAC7-36DD08FAA4D8}.Release|Any CPU.ActiveCfg = Release|Any CPU
		{AEF033E3-465D-44FE-BAC7-36DD08FAA4D8}.Release|Any CPU.Build.0 = Release|Any CPU
		{06E4A03E-307D-4E5B-B27D-75BF75E090BB}.Debug|Any CPU.ActiveCfg = Debug|Any CPU
		{06E4A03E-307D-4E5B-B27D-75BF75E090BB}.Debug|Any CPU.Build.0 = Debug|Any CPU
		{06E4A03E-307D-4E5B-B27D-75BF75E090BB}.Release|Any CPU.ActiveCfg = Release|Any CPU
		{06E4A03E-307D-4E5B-B27D-75BF75E090BB}.Release|Any CPU.Build.0 = Release|Any CPU
		{CE34A224-1C32-4382-92EF-2D2525F6E124}.Debug|Any CPU.ActiveCfg = Debug|Any CPU
		{CE34A224-1C32-4382-92EF-2D2525F6E124}.Debug|Any CPU.Build.0 = Debug|Any CPU
		{CE34A224-1C32-4382-92EF-2D2525F6E124}.Debug|Any CPU.Deploy.0 = Debug|Any CPU
		{CE34A224-1C32-4382-92EF-2D2525F6E124}.Release|Any CPU.ActiveCfg = Release|Any CPU
		{CE34A224-1C32-4382-92EF-2D2525F6E124}.Release|Any CPU.Build.0 = Release|Any CPU
		{CE34A224-1C32-4382-92EF-2D2525F6E124}.Release|Any CPU.Deploy.0 = Release|Any CPU
	EndGlobalSection
	GlobalSection(SolutionProperties) = preSolution
		HideSolutionNode = FALSE
	EndGlobalSection
EndGlobal
