
Microsoft Visual Studio Solution File, Format Version 12.00
# Visual Studio 2013
VisualStudioVersion = 12.0.31101.0
MinimumVisualStudioVersion = 10.0.40219.1
Project("{FAE04EC0-301F-11D3-BF4B-00C04F79EFBC}") = "ADWeb", "ADWeb\ADWeb.csproj", "{AEF033E3-465D-44FE-BAC7-36DD08FAA4D8}"
EndProject
Project("{FAE04EC0-301F-11D3-BF4B-00C04F79EFBC}") = "ADWeb.Core", "ADWeb.Domain\ADWeb.Core.csproj", "{06E4A03E-307D-4E5B-B27D-75BF75E090BB}"
EndProject
Global
	GlobalSection(SolutionConfigurationPlatforms) = preSolution
		Debug|Any CPU = Debug|Any CPU
		Release|Any CPU = Release|Any CPU
	EndGlobalSection
	GlobalSection(ProjectConfigurationPlatforms) = postSolution
		{AEF033E3-465D-44FE-BAC7-36DD08FAA4D8}.Debug|Any CPU.ActiveCfg = Debug|Any CPU
		{AEF033E3-465D-44FE-BAC7-36DD08FAA4D8}.Debug|Any CPU.Build.0 = Debug|Any CPU
		{AEF033E3-465D-44FE-BAC7-36DD08FAA4D8}.Release|Any CPU.ActiveCfg = Release|Any CPU
		{AEF033E3-465D-44FE-BAC7-36DD08FAA4D8}.Release|Any CPU.Build.0 = Release|Any CPU
		{06E4A03E-307D-4E5B-B27D-75BF75E090BB}.Debug|Any CPU.ActiveCfg = Debug|Any CPU
		{06E4A03E-307D-4E5B-B27D-75BF75E090BB}.Debug|Any CPU.Build.0 = Debug|Any CPU
		{06E4A03E-307D-4E5B-B27D-75BF75E090BB}.Release|Any CPU.ActiveCfg = Release|Any CPU
		{06E4A03E-307D-4E5B-B27D-75BF75E090BB}.Release|Any CPU.Build.0 = Release|Any CPU
	EndGlobalSection
	GlobalSection(SolutionProperties) = preSolution
		HideSolutionNode = FALSE
	EndGlobalSection
EndGlobal
